
Microsoft Visual Studio Solution File, Format Version 12.00
# Visual Studio Version 16
VisualStudioVersion = 16.0.31410.357
MinimumVisualStudioVersion = 10.0.40219.1
Project("{FAE04EC0-301F-11D3-BF4B-00C04F79EFBC}") = "LicenseTax", "LicenseTax\LicenseTax.csproj", "{766A6BA8-FCF7-47D2-9A70-0055206598E0}"
EndProject
Project("{FAE04EC0-301F-11D3-BF4B-00C04F79EFBC}") = "VehicleLicenseTax", "..\..\WindowsFormsApp1\VehicleLicenseTax\VehicleLicenseTax.csproj", "{1D7DAE09-04ED-4C45-9BF6-7D8C213AD78D}"
EndProject
Global
	GlobalSection(SolutionConfigurationPlatforms) = preSolution
		Debug|Any CPU = Debug|Any CPU
		Release|Any CPU = Release|Any CPU
	EndGlobalSection
	GlobalSection(ProjectConfigurationPlatforms) = postSolution
		{766A6BA8-FCF7-47D2-9A70-0055206598E0}.Debug|Any CPU.ActiveCfg = Debug|Any CPU
		{766A6BA8-FCF7-47D2-9A70-0055206598E0}.Debug|Any CPU.Build.0 = Debug|Any CPU
		{766A6BA8-FCF7-47D2-9A70-0055206598E0}.Release|Any CPU.ActiveCfg = Release|Any CPU
		{766A6BA8-FCF7-47D2-9A70-0055206598E0}.Release|Any CPU.Build.0 = Release|Any CPU
		{1D7DAE09-04ED-4C45-9BF6-7D8C213AD78D}.Debug|Any CPU.ActiveCfg = Debug|Any CPU
		{1D7DAE09-04ED-4C45-9BF6-7D8C213AD78D}.Debug|Any CPU.Build.0 = Debug|Any CPU
		{1D7DAE09-04ED-4C45-9BF6-7D8C213AD78D}.Release|Any CPU.ActiveCfg = Release|Any CPU
		{1D7DAE09-04ED-4C45-9BF6-7D8C213AD78D}.Release|Any CPU.Build.0 = Release|Any CPU
	EndGlobalSection
	GlobalSection(SolutionProperties) = preSolution
		HideSolutionNode = FALSE
	EndGlobalSection
	GlobalSection(ExtensibilityGlobals) = postSolution
		SolutionGuid = {ECF99C0A-A9F5-48CC-9BDB-9D97D803901B}
	EndGlobalSection
EndGlobal
